
Microsoft Visual Studio Solution File, Format Version 12.00
Project("{2150E333-8FDC-42A3-9474-1A3956D46DE8}") = "Documentation", "Documentation", "{11E5F776-4AAD-4B3E-BD26-06ECCADA2A96}"
EndProject
Project("{FAE04EC0-301F-11D3-BF4B-00C04F79EFBC}") = "Docs", "Documentation\Docs\Docs.csproj", "{11A29977-3FDA-4E8D-BE3F-6B3C061E9A62}"
EndProject
Project("{2150E333-8FDC-42A3-9474-1A3956D46DE8}") = "src", "src", "{6A6F497F-EFBA-41C7-98CC-E025833FBD96}"
EndProject
Project("{2150E333-8FDC-42A3-9474-1A3956D46DE8}") = "core", "core", "{3F53AC05-5C1D-48B7-AC3E-7DE47D574DF4}"
EndProject
Project("{2150E333-8FDC-42A3-9474-1A3956D46DE8}") = "tools", "tools", "{508723CC-9527-4636-9742-DFB7A7BE566F}"
EndProject
Project("{FAE04EC0-301F-11D3-BF4B-00C04F79EFBC}") = "VEA.core.tools.OperationResult", "src\core\tools\VEA.core.tools.OperationResult\VEA.core.tools.OperationResult.csproj", "{2DC9A340-C48D-4F81-91F3-1DFEEF90A185}"
EndProject
Project("{2150E333-8FDC-42A3-9474-1A3956D46DE8}") = "Tests", "Tests", "{0E3FCB26-A324-4600-9ADE-9A2DE4AFB4DE}"
EndProject
Project("{FAE04EC0-301F-11D3-BF4B-00C04F79EFBC}") = "UnitTests", "Tests\UnitTests\UnitTests.csproj", "{F9DB7794-66EA-4BBC-BBEB-CFC1C782BA47}"
EndProject
Project("{FAE04EC0-301F-11D3-BF4B-00C04F79EFBC}") = "domain", "src\core\domain\domain.csproj", "{BCF2816F-5D44-45CA-BE9F-5849EBBA2346}"
EndProject
Global
	GlobalSection(SolutionConfigurationPlatforms) = preSolution
		Debug|Any CPU = Debug|Any CPU
		Release|Any CPU = Release|Any CPU
	EndGlobalSection
	GlobalSection(NestedProjects) = preSolution
		{11A29977-3FDA-4E8D-BE3F-6B3C061E9A62} = {11E5F776-4AAD-4B3E-BD26-06ECCADA2A96}
		{3F53AC05-5C1D-48B7-AC3E-7DE47D574DF4} = {6A6F497F-EFBA-41C7-98CC-E025833FBD96}
		{508723CC-9527-4636-9742-DFB7A7BE566F} = {3F53AC05-5C1D-48B7-AC3E-7DE47D574DF4}
		{2DC9A340-C48D-4F81-91F3-1DFEEF90A185} = {508723CC-9527-4636-9742-DFB7A7BE566F}
		{F9DB7794-66EA-4BBC-BBEB-CFC1C782BA47} = {0E3FCB26-A324-4600-9ADE-9A2DE4AFB4DE}
		{BCF2816F-5D44-45CA-BE9F-5849EBBA2346} = {3F53AC05-5C1D-48B7-AC3E-7DE47D574DF4}
	EndGlobalSection
	GlobalSection(ProjectConfigurationPlatforms) = postSolution
		{11A29977-3FDA-4E8D-BE3F-6B3C061E9A62}.Debug|Any CPU.ActiveCfg = Debug|Any CPU
		{11A29977-3FDA-4E8D-BE3F-6B3C061E9A62}.Debug|Any CPU.Build.0 = Debug|Any CPU
		{11A29977-3FDA-4E8D-BE3F-6B3C061E9A62}.Release|Any CPU.ActiveCfg = Release|Any CPU
		{11A29977-3FDA-4E8D-BE3F-6B3C061E9A62}.Release|Any CPU.Build.0 = Release|Any CPU
		{2DC9A340-C48D-4F81-91F3-1DFEEF90A185}.Debug|Any CPU.ActiveCfg = Debug|Any CPU
		{2DC9A340-C48D-4F81-91F3-1DFEEF90A185}.Debug|Any CPU.Build.0 = Debug|Any CPU
		{2DC9A340-C48D-4F81-91F3-1DFEEF90A185}.Release|Any CPU.ActiveCfg = Release|Any CPU
		{2DC9A340-C48D-4F81-91F3-1DFEEF90A185}.Release|Any CPU.Build.0 = Release|Any CPU
		{F9DB7794-66EA-4BBC-BBEB-CFC1C782BA47}.Debug|Any CPU.ActiveCfg = Debug|Any CPU
		{F9DB7794-66EA-4BBC-BBEB-CFC1C782BA47}.Debug|Any CPU.Build.0 = Debug|Any CPU
		{F9DB7794-66EA-4BBC-BBEB-CFC1C782BA47}.Release|Any CPU.ActiveCfg = Release|Any CPU
		{F9DB7794-66EA-4BBC-BBEB-CFC1C782BA47}.Release|Any CPU.Build.0 = Release|Any CPU
		{BCF2816F-5D44-45CA-BE9F-5849EBBA2346}.Debug|Any CPU.ActiveCfg = Debug|Any CPU
		{BCF2816F-5D44-45CA-BE9F-5849EBBA2346}.Debug|Any CPU.Build.0 = Debug|Any CPU
		{BCF2816F-5D44-45CA-BE9F-5849EBBA2346}.Release|Any CPU.ActiveCfg = Release|Any CPU
		{BCF2816F-5D44-45CA-BE9F-5849EBBA2346}.Release|Any CPU.Build.0 = Release|Any CPU
	EndGlobalSection
EndGlobal
